// !$*UTF8*$!
{
	archiveVersion = 1;
	classes = {
	};
	objectVersion = 50;
	objects = {

/* Begin PBXBuildFile section */
		7E0B20F622F008B50061B2D7 /* AppDelegate.swift in Sources */ = {isa = PBXBuildFile; fileRef = 7E0B20F522F008B50061B2D7 /* AppDelegate.swift */; };
		7E0B20F822F008B50061B2D7 /* SearchViewController.swift in Sources */ = {isa = PBXBuildFile; fileRef = 7E0B20F722F008B50061B2D7 /* SearchViewController.swift */; };
		7E0B20FB22F008B50061B2D7 /* Main.storyboard in Resources */ = {isa = PBXBuildFile; fileRef = 7E0B20F922F008B50061B2D7 /* Main.storyboard */; };
		7E0B20FD22F008B70061B2D7 /* Assets.xcassets in Resources */ = {isa = PBXBuildFile; fileRef = 7E0B20FC22F008B70061B2D7 /* Assets.xcassets */; };
		7E0B210022F008B70061B2D7 /* LaunchScreen.storyboard in Resources */ = {isa = PBXBuildFile; fileRef = 7E0B20FE22F008B70061B2D7 /* LaunchScreen.storyboard */; };
		7E0B210B22F008B70061B2D7 /* chaiseTests.swift in Sources */ = {isa = PBXBuildFile; fileRef = 7E0B210A22F008B70061B2D7 /* chaiseTests.swift */; };
		7EEC90B822F21D6A00DA1B8A /* MockEventSearchViewModel.swift in Sources */ = {isa = PBXBuildFile; fileRef = 7EEC90B722F21D6A00DA1B8A /* MockEventSearchViewModel.swift */; };
		7EEC90BA22F225D800DA1B8A /* DetailViewController.swift in Sources */ = {isa = PBXBuildFile; fileRef = 7EEC90B922F225D800DA1B8A /* DetailViewController.swift */; };
		7EF6799722F11D9D00A847F9 /* Storyboarded.swift in Sources */ = {isa = PBXBuildFile; fileRef = 7EF6799622F11D9D00A847F9 /* Storyboarded.swift */; };
		7EF6799922F11E8B00A847F9 /* Coordinator.swift in Sources */ = {isa = PBXBuildFile; fileRef = 7EF6799822F11E8B00A847F9 /* Coordinator.swift */; };
		7EF6799B22F11EE400A847F9 /* AppCoordinator.swift in Sources */ = {isa = PBXBuildFile; fileRef = 7EF6799A22F11EE400A847F9 /* AppCoordinator.swift */; };
		7EF679A122F1293A00A847F9 /* SearchResultCell.swift in Sources */ = {isa = PBXBuildFile; fileRef = 7EF6799F22F1293A00A847F9 /* SearchResultCell.swift */; };
		7EF679A222F1293A00A847F9 /* SearchResultCell.xib in Resources */ = {isa = PBXBuildFile; fileRef = 7EF679A022F1293A00A847F9 /* SearchResultCell.xib */; };
		7EF679A622F134E200A847F9 /* EventRemote.swift in Sources */ = {isa = PBXBuildFile; fileRef = 7EF679A522F134E200A847F9 /* EventRemote.swift */; };
		7EF679A822F134EC00A847F9 /* EventEntity.swift in Sources */ = {isa = PBXBuildFile; fileRef = 7EF679A722F134EC00A847F9 /* EventEntity.swift */; };
		7EF679AA22F1383B00A847F9 /* EventsRemote.swift in Sources */ = {isa = PBXBuildFile; fileRef = 7EF679A922F1383B00A847F9 /* EventsRemote.swift */; };
		7EF679AE22F1413D00A847F9 /* VenueRemote.swift in Sources */ = {isa = PBXBuildFile; fileRef = 7EF679AD22F1413D00A847F9 /* VenueRemote.swift */; };
		7EF679B022F1414400A847F9 /* PerformerRemote.swift in Sources */ = {isa = PBXBuildFile; fileRef = 7EF679AF22F1414400A847F9 /* PerformerRemote.swift */; };
		7EF679B322F14CDE00A847F9 /* EventSearchViewModel.swift in Sources */ = {isa = PBXBuildFile; fileRef = 7EF679B222F14CDE00A847F9 /* EventSearchViewModel.swift */; };
		7EF679B522F1DB3900A847F9 /* EventSearching.swift in Sources */ = {isa = PBXBuildFile; fileRef = 7EF679B422F1DB3900A847F9 /* EventSearching.swift */; };
/* End PBXBuildFile section */

/* Begin PBXContainerItemProxy section */
		7E0B210722F008B70061B2D7 /* PBXContainerItemProxy */ = {
			isa = PBXContainerItemProxy;
			containerPortal = 7E0B20EA22F008B50061B2D7 /* Project object */;
			proxyType = 1;
			remoteGlobalIDString = 7E0B20F122F008B50061B2D7;
			remoteInfo = chaise;
		};
/* End PBXContainerItemProxy section */

/* Begin PBXFileReference section */
		7E0B20F222F008B50061B2D7 /* chaise.app */ = {isa = PBXFileReference; explicitFileType = wrapper.application; includeInIndex = 0; path = chaise.app; sourceTree = BUILT_PRODUCTS_DIR; };
		7E0B20F522F008B50061B2D7 /* AppDelegate.swift */ = {isa = PBXFileReference; lastKnownFileType = sourcecode.swift; path = AppDelegate.swift; sourceTree = "<group>"; };
		7E0B20F722F008B50061B2D7 /* SearchViewController.swift */ = {isa = PBXFileReference; lastKnownFileType = sourcecode.swift; path = SearchViewController.swift; sourceTree = "<group>"; };
		7E0B20FA22F008B50061B2D7 /* Base */ = {isa = PBXFileReference; lastKnownFileType = file.storyboard; name = Base; path = Base.lproj/Main.storyboard; sourceTree = "<group>"; };
		7E0B20FC22F008B70061B2D7 /* Assets.xcassets */ = {isa = PBXFileReference; lastKnownFileType = folder.assetcatalog; path = Assets.xcassets; sourceTree = "<group>"; };
		7E0B20FF22F008B70061B2D7 /* Base */ = {isa = PBXFileReference; lastKnownFileType = file.storyboard; name = Base; path = Base.lproj/LaunchScreen.storyboard; sourceTree = "<group>"; };
		7E0B210122F008B70061B2D7 /* Info.plist */ = {isa = PBXFileReference; lastKnownFileType = text.plist.xml; path = Info.plist; sourceTree = "<group>"; };
		7E0B210622F008B70061B2D7 /* chaiseTests.xctest */ = {isa = PBXFileReference; explicitFileType = wrapper.cfbundle; includeInIndex = 0; path = chaiseTests.xctest; sourceTree = BUILT_PRODUCTS_DIR; };
		7E0B210A22F008B70061B2D7 /* chaiseTests.swift */ = {isa = PBXFileReference; lastKnownFileType = sourcecode.swift; path = chaiseTests.swift; sourceTree = "<group>"; };
		7E0B210C22F008B70061B2D7 /* Info.plist */ = {isa = PBXFileReference; lastKnownFileType = text.plist.xml; path = Info.plist; sourceTree = "<group>"; };
		7EEC90B722F21D6A00DA1B8A /* MockEventSearchViewModel.swift */ = {isa = PBXFileReference; lastKnownFileType = sourcecode.swift; path = MockEventSearchViewModel.swift; sourceTree = "<group>"; };
		7EEC90B922F225D800DA1B8A /* DetailViewController.swift */ = {isa = PBXFileReference; lastKnownFileType = sourcecode.swift; path = DetailViewController.swift; sourceTree = "<group>"; };
		7EF6799622F11D9D00A847F9 /* Storyboarded.swift */ = {isa = PBXFileReference; lastKnownFileType = sourcecode.swift; path = Storyboarded.swift; sourceTree = "<group>"; };
		7EF6799822F11E8B00A847F9 /* Coordinator.swift */ = {isa = PBXFileReference; lastKnownFileType = sourcecode.swift; path = Coordinator.swift; sourceTree = "<group>"; };
		7EF6799A22F11EE400A847F9 /* AppCoordinator.swift */ = {isa = PBXFileReference; lastKnownFileType = sourcecode.swift; path = AppCoordinator.swift; sourceTree = "<group>"; };
		7EF6799F22F1293A00A847F9 /* SearchResultCell.swift */ = {isa = PBXFileReference; lastKnownFileType = sourcecode.swift; path = SearchResultCell.swift; sourceTree = "<group>"; };
		7EF679A022F1293A00A847F9 /* SearchResultCell.xib */ = {isa = PBXFileReference; lastKnownFileType = file.xib; path = SearchResultCell.xib; sourceTree = "<group>"; };
		7EF679A522F134E200A847F9 /* EventRemote.swift */ = {isa = PBXFileReference; lastKnownFileType = sourcecode.swift; path = EventRemote.swift; sourceTree = "<group>"; };
		7EF679A722F134EC00A847F9 /* EventEntity.swift */ = {isa = PBXFileReference; lastKnownFileType = sourcecode.swift; path = EventEntity.swift; sourceTree = "<group>"; };
		7EF679A922F1383B00A847F9 /* EventsRemote.swift */ = {isa = PBXFileReference; lastKnownFileType = sourcecode.swift; path = EventsRemote.swift; sourceTree = "<group>"; };
		7EF679AD22F1413D00A847F9 /* VenueRemote.swift */ = {isa = PBXFileReference; lastKnownFileType = sourcecode.swift; path = VenueRemote.swift; sourceTree = "<group>"; };
		7EF679AF22F1414400A847F9 /* PerformerRemote.swift */ = {isa = PBXFileReference; lastKnownFileType = sourcecode.swift; path = PerformerRemote.swift; sourceTree = "<group>"; };
		7EF679B222F14CDE00A847F9 /* EventSearchViewModel.swift */ = {isa = PBXFileReference; lastKnownFileType = sourcecode.swift; path = EventSearchViewModel.swift; sourceTree = "<group>"; };
		7EF679B422F1DB3900A847F9 /* EventSearching.swift */ = {isa = PBXFileReference; lastKnownFileType = sourcecode.swift; path = EventSearching.swift; sourceTree = "<group>"; };
/* End PBXFileReference section */

/* Begin PBXFrameworksBuildPhase section */
		7E0B20EF22F008B50061B2D7 /* Frameworks */ = {
			isa = PBXFrameworksBuildPhase;
			buildActionMask = 2147483647;
			files = (
			);
			runOnlyForDeploymentPostprocessing = 0;
		};
		7E0B210322F008B70061B2D7 /* Frameworks */ = {
			isa = PBXFrameworksBuildPhase;
			buildActionMask = 2147483647;
			files = (
			);
			runOnlyForDeploymentPostprocessing = 0;
		};
/* End PBXFrameworksBuildPhase section */

/* Begin PBXGroup section */
		7E0B20E922F008B50061B2D7 = {
			isa = PBXGroup;
			children = (
				7E0B20F422F008B50061B2D7 /* Source */,
				7E0B210922F008B70061B2D7 /* chaiseTests */,
				7E0B20F322F008B50061B2D7 /* Products */,
			);
			sourceTree = "<group>";
		};
		7E0B20F322F008B50061B2D7 /* Products */ = {
			isa = PBXGroup;
			children = (
				7E0B20F222F008B50061B2D7 /* chaise.app */,
				7E0B210622F008B70061B2D7 /* chaiseTests.xctest */,
			);
			name = Products;
			sourceTree = "<group>";
		};
		7E0B20F422F008B50061B2D7 /* Source */ = {
			isa = PBXGroup;
			children = (
				7E0B20F522F008B50061B2D7 /* AppDelegate.swift */,
				7EF679A422F134CE00A847F9 /* Models */,
				7EF679A322F134A900A847F9 /* Networking */,
				7EF6799522F11D7600A847F9 /* Coordinators */,
				7EF6799422F11C3300A847F9 /* View Controllers */,
				7EF679B122F14CD100A847F9 /* View Models */,
				7EF6799C22F128F000A847F9 /* Cells */,
				7EF6799322F11C2100A847F9 /* Storyboards */,
				7EF6799222F11C0900A847F9 /* Supporting Files */,
			);
			path = Source;
			sourceTree = "<group>";
		};
		7E0B210922F008B70061B2D7 /* chaiseTests */ = {
			isa = PBXGroup;
			children = (
				7E0B210A22F008B70061B2D7 /* chaiseTests.swift */,
				7E0B210C22F008B70061B2D7 /* Info.plist */,
			);
			path = chaiseTests;
			sourceTree = "<group>";
		};
		7EF6799222F11C0900A847F9 /* Supporting Files */ = {
			isa = PBXGroup;
			children = (
				7E0B20FC22F008B70061B2D7 /* Assets.xcassets */,
				7E0B210122F008B70061B2D7 /* Info.plist */,
			);
			path = "Supporting Files";
			sourceTree = "<group>";
		};
		7EF6799322F11C2100A847F9 /* Storyboards */ = {
			isa = PBXGroup;
			children = (
				7E0B20F922F008B50061B2D7 /* Main.storyboard */,
				7E0B20FE22F008B70061B2D7 /* LaunchScreen.storyboard */,
			);
			path = Storyboards;
			sourceTree = "<group>";
		};
		7EF6799422F11C3300A847F9 /* View Controllers */ = {
			isa = PBXGroup;
			children = (
				7EF6799622F11D9D00A847F9 /* Storyboarded.swift */,
				7E0B20F722F008B50061B2D7 /* SearchViewController.swift */,
				7EEC90B922F225D800DA1B8A /* DetailViewController.swift */,
			);
			path = "View Controllers";
			sourceTree = "<group>";
		};
		7EF6799522F11D7600A847F9 /* Coordinators */ = {
			isa = PBXGroup;
			children = (
				7EF6799822F11E8B00A847F9 /* Coordinator.swift */,
				7EF6799A22F11EE400A847F9 /* AppCoordinator.swift */,
			);
			path = Coordinators;
			sourceTree = "<group>";
		};
		7EF6799C22F128F000A847F9 /* Cells */ = {
			isa = PBXGroup;
			children = (
				7EF6799F22F1293A00A847F9 /* SearchResultCell.swift */,
				7EF679A022F1293A00A847F9 /* SearchResultCell.xib */,
			);
			path = Cells;
			sourceTree = "<group>";
		};
		7EF679A322F134A900A847F9 /* Networking */ = {
			isa = PBXGroup;
			children = (
			);
			path = Networking;
			sourceTree = "<group>";
		};
		7EF679A422F134CE00A847F9 /* Models */ = {
			isa = PBXGroup;
			children = (
				7EF679AB22F13BB400A847F9 /* Remote */,
				7EF679AC22F13BC200A847F9 /* Entity */,
			);
			path = Models;
			sourceTree = "<group>";
		};
		7EF679AB22F13BB400A847F9 /* Remote */ = {
			isa = PBXGroup;
			children = (
				7EF679A922F1383B00A847F9 /* EventsRemote.swift */,
				7EF679A522F134E200A847F9 /* EventRemote.swift */,
				7EF679AF22F1414400A847F9 /* PerformerRemote.swift */,
				7EF679AD22F1413D00A847F9 /* VenueRemote.swift */,
			);
			path = Remote;
			sourceTree = "<group>";
		};
		7EF679AC22F13BC200A847F9 /* Entity */ = {
			isa = PBXGroup;
			children = (
				7EF679A722F134EC00A847F9 /* EventEntity.swift */,
			);
			path = Entity;
			sourceTree = "<group>";
		};
		7EF679B122F14CD100A847F9 /* View Models */ = {
			isa = PBXGroup;
			children = (
				7EF679B422F1DB3900A847F9 /* EventSearching.swift */,
				7EF679B222F14CDE00A847F9 /* EventSearchViewModel.swift */,
				7EEC90B722F21D6A00DA1B8A /* MockEventSearchViewModel.swift */,
			);
			path = "View Models";
			sourceTree = "<group>";
		};
/* End PBXGroup section */

/* Begin PBXNativeTarget section */
		7E0B20F122F008B50061B2D7 /* chaise */ = {
			isa = PBXNativeTarget;
			buildConfigurationList = 7E0B210F22F008B70061B2D7 /* Build configuration list for PBXNativeTarget "chaise" */;
			buildPhases = (
				7E0B20EE22F008B50061B2D7 /* Sources */,
				7E0B20EF22F008B50061B2D7 /* Frameworks */,
				7E0B20F022F008B50061B2D7 /* Resources */,
			);
			buildRules = (
			);
			dependencies = (
			);
			name = chaise;
			productName = chaise;
			productReference = 7E0B20F222F008B50061B2D7 /* chaise.app */;
			productType = "com.apple.product-type.application";
		};
		7E0B210522F008B70061B2D7 /* chaiseTests */ = {
			isa = PBXNativeTarget;
			buildConfigurationList = 7E0B211222F008B70061B2D7 /* Build configuration list for PBXNativeTarget "chaiseTests" */;
			buildPhases = (
				7E0B210222F008B70061B2D7 /* Sources */,
				7E0B210322F008B70061B2D7 /* Frameworks */,
				7E0B210422F008B70061B2D7 /* Resources */,
			);
			buildRules = (
			);
			dependencies = (
				7E0B210822F008B70061B2D7 /* PBXTargetDependency */,
			);
			name = chaiseTests;
			productName = chaiseTests;
			productReference = 7E0B210622F008B70061B2D7 /* chaiseTests.xctest */;
			productType = "com.apple.product-type.bundle.unit-test";
		};
/* End PBXNativeTarget section */

/* Begin PBXProject section */
		7E0B20EA22F008B50061B2D7 /* Project object */ = {
			isa = PBXProject;
			attributes = {
				LastSwiftUpdateCheck = 1020;
				LastUpgradeCheck = 1020;
				ORGANIZATIONNAME = "Corey Walo";
				TargetAttributes = {
					7E0B20F122F008B50061B2D7 = {
						CreatedOnToolsVersion = 10.2;
					};
					7E0B210522F008B70061B2D7 = {
						CreatedOnToolsVersion = 10.2;
						TestTargetID = 7E0B20F122F008B50061B2D7;
					};
				};
			};
			buildConfigurationList = 7E0B20ED22F008B50061B2D7 /* Build configuration list for PBXProject "chaise" */;
			compatibilityVersion = "Xcode 9.3";
			developmentRegion = en;
			hasScannedForEncodings = 0;
			knownRegions = (
				en,
				Base,
			);
			mainGroup = 7E0B20E922F008B50061B2D7;
			productRefGroup = 7E0B20F322F008B50061B2D7 /* Products */;
			projectDirPath = "";
			projectRoot = "";
			targets = (
				7E0B20F122F008B50061B2D7 /* chaise */,
				7E0B210522F008B70061B2D7 /* chaiseTests */,
			);
		};
/* End PBXProject section */

/* Begin PBXResourcesBuildPhase section */
		7E0B20F022F008B50061B2D7 /* Resources */ = {
			isa = PBXResourcesBuildPhase;
			buildActionMask = 2147483647;
			files = (
				7E0B210022F008B70061B2D7 /* LaunchScreen.storyboard in Resources */,
				7E0B20FD22F008B70061B2D7 /* Assets.xcassets in Resources */,
				7EF679A222F1293A00A847F9 /* SearchResultCell.xib in Resources */,
				7E0B20FB22F008B50061B2D7 /* Main.storyboard in Resources */,
			);
			runOnlyForDeploymentPostprocessing = 0;
		};
		7E0B210422F008B70061B2D7 /* Resources */ = {
			isa = PBXResourcesBuildPhase;
			buildActionMask = 2147483647;
			files = (
			);
			runOnlyForDeploymentPostprocessing = 0;
		};
/* End PBXResourcesBuildPhase section */

/* Begin PBXSourcesBuildPhase section */
		7E0B20EE22F008B50061B2D7 /* Sources */ = {
			isa = PBXSourcesBuildPhase;
			buildActionMask = 2147483647;
			files = (
				7EF6799922F11E8B00A847F9 /* Coordinator.swift in Sources */,
				7E0B20F822F008B50061B2D7 /* SearchViewController.swift in Sources */,
				7EF679A622F134E200A847F9 /* EventRemote.swift in Sources */,
				7EF679AA22F1383B00A847F9 /* EventsRemote.swift in Sources */,
				7EF679A822F134EC00A847F9 /* EventEntity.swift in Sources */,
				7EF679B522F1DB3900A847F9 /* EventSearching.swift in Sources */,
				7EF6799B22F11EE400A847F9 /* AppCoordinator.swift in Sources */,
				7EEC90B822F21D6A00DA1B8A /* MockEventSearchViewModel.swift in Sources */,
				7EF679B322F14CDE00A847F9 /* EventSearchViewModel.swift in Sources */,
				7E0B20F622F008B50061B2D7 /* AppDelegate.swift in Sources */,
				7EF679AE22F1413D00A847F9 /* VenueRemote.swift in Sources */,
				7EF679A122F1293A00A847F9 /* SearchResultCell.swift in Sources */,
				7EF6799722F11D9D00A847F9 /* Storyboarded.swift in Sources */,
				7EEC90BA22F225D800DA1B8A /* DetailViewController.swift in Sources */,
				7EF679B022F1414400A847F9 /* PerformerRemote.swift in Sources */,
			);
			runOnlyForDeploymentPostprocessing = 0;
		};
		7E0B210222F008B70061B2D7 /* Sources */ = {
			isa = PBXSourcesBuildPhase;
			buildActionMask = 2147483647;
			files = (
				7E0B210B22F008B70061B2D7 /* chaiseTests.swift in Sources */,
			);
			runOnlyForDeploymentPostprocessing = 0;
		};
/* End PBXSourcesBuildPhase section */

/* Begin PBXTargetDependency section */
		7E0B210822F008B70061B2D7 /* PBXTargetDependency */ = {
			isa = PBXTargetDependency;
			target = 7E0B20F122F008B50061B2D7 /* chaise */;
			targetProxy = 7E0B210722F008B70061B2D7 /* PBXContainerItemProxy */;
		};
/* End PBXTargetDependency section */

/* Begin PBXVariantGroup section */
		7E0B20F922F008B50061B2D7 /* Main.storyboard */ = {
			isa = PBXVariantGroup;
			children = (
				7E0B20FA22F008B50061B2D7 /* Base */,
			);
			name = Main.storyboard;
			sourceTree = "<group>";
		};
		7E0B20FE22F008B70061B2D7 /* LaunchScreen.storyboard */ = {
			isa = PBXVariantGroup;
			children = (
				7E0B20FF22F008B70061B2D7 /* Base */,
			);
			name = LaunchScreen.storyboard;
			sourceTree = "<group>";
		};
/* End PBXVariantGroup section */

/* Begin XCBuildConfiguration section */
		7E0B210D22F008B70061B2D7 /* Debug */ = {
			isa = XCBuildConfiguration;
			buildSettings = {
				ALWAYS_SEARCH_USER_PATHS = NO;
				CLANG_ANALYZER_NONNULL = YES;
				CLANG_ANALYZER_NUMBER_OBJECT_CONVERSION = YES_AGGRESSIVE;
				CLANG_CXX_LANGUAGE_STANDARD = "gnu++14";
				CLANG_CXX_LIBRARY = "libc++";
				CLANG_ENABLE_MODULES = YES;
				CLANG_ENABLE_OBJC_ARC = YES;
				CLANG_ENABLE_OBJC_WEAK = YES;
				CLANG_WARN_BLOCK_CAPTURE_AUTORELEASING = YES;
				CLANG_WARN_BOOL_CONVERSION = YES;
				CLANG_WARN_COMMA = YES;
				CLANG_WARN_CONSTANT_CONVERSION = YES;
				CLANG_WARN_DEPRECATED_OBJC_IMPLEMENTATIONS = YES;
				CLANG_WARN_DIRECT_OBJC_ISA_USAGE = YES_ERROR;
				CLANG_WARN_DOCUMENTATION_COMMENTS = YES;
				CLANG_WARN_EMPTY_BODY = YES;
				CLANG_WARN_ENUM_CONVERSION = YES;
				CLANG_WARN_INFINITE_RECURSION = YES;
				CLANG_WARN_INT_CONVERSION = YES;
				CLANG_WARN_NON_LITERAL_NULL_CONVERSION = YES;
				CLANG_WARN_OBJC_IMPLICIT_RETAIN_SELF = YES;
				CLANG_WARN_OBJC_LITERAL_CONVERSION = YES;
				CLANG_WARN_OBJC_ROOT_CLASS = YES_ERROR;
				CLANG_WARN_RANGE_LOOP_ANALYSIS = YES;
				CLANG_WARN_STRICT_PROTOTYPES = YES;
				CLANG_WARN_SUSPICIOUS_MOVE = YES;
				CLANG_WARN_UNGUARDED_AVAILABILITY = YES_AGGRESSIVE;
				CLANG_WARN_UNREACHABLE_CODE = YES;
				CLANG_WARN__DUPLICATE_METHOD_MATCH = YES;
				CODE_SIGN_IDENTITY = "iPhone Developer";
				COPY_PHASE_STRIP = NO;
				DEBUG_INFORMATION_FORMAT = dwarf;
				ENABLE_STRICT_OBJC_MSGSEND = YES;
				ENABLE_TESTABILITY = YES;
				GCC_C_LANGUAGE_STANDARD = gnu11;
				GCC_DYNAMIC_NO_PIC = NO;
				GCC_NO_COMMON_BLOCKS = YES;
				GCC_OPTIMIZATION_LEVEL = 0;
				GCC_PREPROCESSOR_DEFINITIONS = (
					"DEBUG=1",
					"$(inherited)",
				);
				GCC_WARN_64_TO_32_BIT_CONVERSION = YES;
				GCC_WARN_ABOUT_RETURN_TYPE = YES_ERROR;
				GCC_WARN_UNDECLARED_SELECTOR = YES;
				GCC_WARN_UNINITIALIZED_AUTOS = YES_AGGRESSIVE;
				GCC_WARN_UNUSED_FUNCTION = YES;
				GCC_WARN_UNUSED_VARIABLE = YES;
				IPHONEOS_DEPLOYMENT_TARGET = 12.2;
				MTL_ENABLE_DEBUG_INFO = INCLUDE_SOURCE;
				MTL_FAST_MATH = YES;
				ONLY_ACTIVE_ARCH = YES;
				SDKROOT = iphoneos;
				SWIFT_ACTIVE_COMPILATION_CONDITIONS = DEBUG;
				SWIFT_OPTIMIZATION_LEVEL = "-Onone";
			};
			name = Debug;
		};
		7E0B210E22F008B70061B2D7 /* Release */ = {
			isa = XCBuildConfiguration;
			buildSettings = {
				ALWAYS_SEARCH_USER_PATHS = NO;
				CLANG_ANALYZER_NONNULL = YES;
				CLANG_ANALYZER_NUMBER_OBJECT_CONVERSION = YES_AGGRESSIVE;
				CLANG_CXX_LANGUAGE_STANDARD = "gnu++14";
				CLANG_CXX_LIBRARY = "libc++";
				CLANG_ENABLE_MODULES = YES;
				CLANG_ENABLE_OBJC_ARC = YES;
				CLANG_ENABLE_OBJC_WEAK = YES;
				CLANG_WARN_BLOCK_CAPTURE_AUTORELEASING = YES;
				CLANG_WARN_BOOL_CONVERSION = YES;
				CLANG_WARN_COMMA = YES;
				CLANG_WARN_CONSTANT_CONVERSION = YES;
				CLANG_WARN_DEPRECATED_OBJC_IMPLEMENTATIONS = YES;
				CLANG_WARN_DIRECT_OBJC_ISA_USAGE = YES_ERROR;
				CLANG_WARN_DOCUMENTATION_COMMENTS = YES;
				CLANG_WARN_EMPTY_BODY = YES;
				CLANG_WARN_ENUM_CONVERSION = YES;
				CLANG_WARN_INFINITE_RECURSION = YES;
				CLANG_WARN_INT_CONVERSION = YES;
				CLANG_WARN_NON_LITERAL_NULL_CONVERSION = YES;
				CLANG_WARN_OBJC_IMPLICIT_RETAIN_SELF = YES;
				CLANG_WARN_OBJC_LITERAL_CONVERSION = YES;
				CLANG_WARN_OBJC_ROOT_CLASS = YES_ERROR;
				CLANG_WARN_RANGE_LOOP_ANALYSIS = YES;
				CLANG_WARN_STRICT_PROTOTYPES = YES;
				CLANG_WARN_SUSPICIOUS_MOVE = YES;
				CLANG_WARN_UNGUARDED_AVAILABILITY = YES_AGGRESSIVE;
				CLANG_WARN_UNREACHABLE_CODE = YES;
				CLANG_WARN__DUPLICATE_METHOD_MATCH = YES;
				CODE_SIGN_IDENTITY = "iPhone Developer";
				COPY_PHASE_STRIP = NO;
				DEBUG_INFORMATION_FORMAT = "dwarf-with-dsym";
				ENABLE_NS_ASSERTIONS = NO;
				ENABLE_STRICT_OBJC_MSGSEND = YES;
				GCC_C_LANGUAGE_STANDARD = gnu11;
				GCC_NO_COMMON_BLOCKS = YES;
				GCC_WARN_64_TO_32_BIT_CONVERSION = YES;
				GCC_WARN_ABOUT_RETURN_TYPE = YES_ERROR;
				GCC_WARN_UNDECLARED_SELECTOR = YES;
				GCC_WARN_UNINITIALIZED_AUTOS = YES_AGGRESSIVE;
				GCC_WARN_UNUSED_FUNCTION = YES;
				GCC_WARN_UNUSED_VARIABLE = YES;
				IPHONEOS_DEPLOYMENT_TARGET = 12.2;
				MTL_ENABLE_DEBUG_INFO = NO;
				MTL_FAST_MATH = YES;
				SDKROOT = iphoneos;
				SWIFT_COMPILATION_MODE = wholemodule;
				SWIFT_OPTIMIZATION_LEVEL = "-O";
				VALIDATE_PRODUCT = YES;
			};
			name = Release;
		};
		7E0B211022F008B70061B2D7 /* Debug */ = {
			isa = XCBuildConfiguration;
			buildSettings = {
				ASSETCATALOG_COMPILER_APPICON_NAME = AppIcon;
				CODE_SIGN_STYLE = Automatic;
				DEVELOPMENT_TEAM = TGW6PA8S8E;
				INFOPLIST_FILE = "$(SRCROOT)/Source/Supporting Files/Info.plist";
				LD_RUNPATH_SEARCH_PATHS = (
					"$(inherited)",
					"@executable_path/Frameworks",
				);
				PRODUCT_BUNDLE_IDENTIFIER = com.coreywalo.chaise;
				PRODUCT_NAME = "$(TARGET_NAME)";
				SWIFT_VERSION = 5.0;
				TARGETED_DEVICE_FAMILY = "1,2";
			};
			name = Debug;
		};
		7E0B211122F008B70061B2D7 /* Release */ = {
			isa = XCBuildConfiguration;
			buildSettings = {
				ASSETCATALOG_COMPILER_APPICON_NAME = AppIcon;
				CODE_SIGN_STYLE = Automatic;
				DEVELOPMENT_TEAM = TGW6PA8S8E;
				INFOPLIST_FILE = "$(SRCROOT)/Source/Supporting Files/Info.plist";
				LD_RUNPATH_SEARCH_PATHS = (
					"$(inherited)",
					"@executable_path/Frameworks",
				);
				PRODUCT_BUNDLE_IDENTIFIER = com.coreywalo.chaise;
				PRODUCT_NAME = "$(TARGET_NAME)";
				SWIFT_VERSION = 5.0;
				TARGETED_DEVICE_FAMILY = "1,2";
			};
			name = Release;
		};
		7E0B211322F008B70061B2D7 /* Debug */ = {
			isa = XCBuildConfiguration;
			buildSettings = {
				ALWAYS_EMBED_SWIFT_STANDARD_LIBRARIES = YES;
				BUNDLE_LOADER = "$(TEST_HOST)";
				CODE_SIGN_STYLE = Automatic;
				DEVELOPMENT_TEAM = TGW6PA8S8E;
				INFOPLIST_FILE = chaiseTests/Info.plist;
				LD_RUNPATH_SEARCH_PATHS = (
					"$(inherited)",
					"@executable_path/Frameworks",
					"@loader_path/Frameworks",
				);
				PRODUCT_BUNDLE_IDENTIFIER = com.coreywalo.chaiseTests;
				PRODUCT_NAME = "$(TARGET_NAME)";
				SWIFT_VERSION = 5.0;
				TARGETED_DEVICE_FAMILY = "1,2";
				TEST_HOST = "$(BUILT_PRODUCTS_DIR)/chaise.app/chaise";
			};
			name = Debug;
		};
		7E0B211422F008B70061B2D7 /* Release */ = {
			isa = XCBuildConfiguration;
			buildSettings = {
				ALWAYS_EMBED_SWIFT_STANDARD_LIBRARIES = YES;
				BUNDLE_LOADER = "$(TEST_HOST)";
				CODE_SIGN_STYLE = Automatic;
				DEVELOPMENT_TEAM = TGW6PA8S8E;
				INFOPLIST_FILE = chaiseTests/Info.plist;
				LD_RUNPATH_SEARCH_PATHS = (
					"$(inherited)",
					"@executable_path/Frameworks",
					"@loader_path/Frameworks",
				);
				PRODUCT_BUNDLE_IDENTIFIER = com.coreywalo.chaiseTests;
				PRODUCT_NAME = "$(TARGET_NAME)";
				SWIFT_VERSION = 5.0;
				TARGETED_DEVICE_FAMILY = "1,2";
				TEST_HOST = "$(BUILT_PRODUCTS_DIR)/chaise.app/chaise";
			};
			name = Release;
		};
/* End XCBuildConfiguration section */

/* Begin XCConfigurationList section */
		7E0B20ED22F008B50061B2D7 /* Build configuration list for PBXProject "chaise" */ = {
			isa = XCConfigurationList;
			buildConfigurations = (
				7E0B210D22F008B70061B2D7 /* Debug */,
				7E0B210E22F008B70061B2D7 /* Release */,
			);
			defaultConfigurationIsVisible = 0;
			defaultConfigurationName = Release;
		};
		7E0B210F22F008B70061B2D7 /* Build configuration list for PBXNativeTarget "chaise" */ = {
			isa = XCConfigurationList;
			buildConfigurations = (
				7E0B211022F008B70061B2D7 /* Debug */,
				7E0B211122F008B70061B2D7 /* Release */,
			);
			defaultConfigurationIsVisible = 0;
			defaultConfigurationName = Release;
		};
		7E0B211222F008B70061B2D7 /* Build configuration list for PBXNativeTarget "chaiseTests" */ = {
			isa = XCConfigurationList;
			buildConfigurations = (
				7E0B211322F008B70061B2D7 /* Debug */,
				7E0B211422F008B70061B2D7 /* Release */,
			);
			defaultConfigurationIsVisible = 0;
			defaultConfigurationName = Release;
		};
/* End XCConfigurationList section */
	};
	rootObject = 7E0B20EA22F008B50061B2D7 /* Project object */;
}
